// !$*UTF8*$!
{
	archiveVersion = 1;
	classes = {
	};
	objectVersion = 46;
	objects = {

/* Begin PBXBuildFile section */
		A376A29619423E5600D0BCA9 /* AppDelegate.swift in Sources */ = {isa = PBXBuildFile; fileRef = A376A29519423E5600D0BCA9 /* AppDelegate.swift */; };
		A376A29819423E5600D0BCA9 /* Images.xcassets in Resources */ = {isa = PBXBuildFile; fileRef = A376A29719423E5600D0BCA9 /* Images.xcassets */; };
		A376A2A419423E5600D0BCA9 /* CheckListTests.swift in Sources */ = {isa = PBXBuildFile; fileRef = A376A2A319423E5600D0BCA9 /* CheckListTests.swift */; };
		A376A2AE19423ED600D0BCA9 /* CheckListViewController.swift in Sources */ = {isa = PBXBuildFile; fileRef = A376A2AD19423ED600D0BCA9 /* CheckListViewController.swift */; };
/* End PBXBuildFile section */

/* Begin PBXContainerItemProxy section */
		A376A29E19423E5600D0BCA9 /* PBXContainerItemProxy */ = {
			isa = PBXContainerItemProxy;
			containerPortal = A376A28819423E5600D0BCA9 /* Project object */;
			proxyType = 1;
			remoteGlobalIDString = A376A28F19423E5600D0BCA9;
			remoteInfo = CheckList;
		};
/* End PBXContainerItemProxy section */

/* Begin PBXFileReference section */
		A376A29019423E5600D0BCA9 /* CheckList.app */ = {isa = PBXFileReference; explicitFileType = wrapper.application; includeInIndex = 0; path = CheckList.app; sourceTree = BUILT_PRODUCTS_DIR; };
		A376A29419423E5600D0BCA9 /* Info.plist */ = {isa = PBXFileReference; lastKnownFileType = text.plist.xml; path = Info.plist; sourceTree = "<group>"; };
		A376A29519423E5600D0BCA9 /* AppDelegate.swift */ = {isa = PBXFileReference; lastKnownFileType = sourcecode.swift; path = AppDelegate.swift; sourceTree = "<group>"; };
		A376A29719423E5600D0BCA9 /* Images.xcassets */ = {isa = PBXFileReference; lastKnownFileType = folder.assetcatalog; path = Images.xcassets; sourceTree = "<group>"; };
		A376A29D19423E5600D0BCA9 /* CheckListTests.xctest */ = {isa = PBXFileReference; explicitFileType = wrapper.cfbundle; includeInIndex = 0; path = CheckListTests.xctest; sourceTree = BUILT_PRODUCTS_DIR; };
		A376A2A219423E5600D0BCA9 /* Info.plist */ = {isa = PBXFileReference; lastKnownFileType = text.plist.xml; path = Info.plist; sourceTree = "<group>"; };
		A376A2A319423E5600D0BCA9 /* CheckListTests.swift */ = {isa = PBXFileReference; lastKnownFileType = sourcecode.swift; path = CheckListTests.swift; sourceTree = "<group>"; };
		A376A2AD19423ED600D0BCA9 /* CheckListViewController.swift */ = {isa = PBXFileReference; fileEncoding = 4; lastKnownFileType = sourcecode.swift; path = CheckListViewController.swift; sourceTree = "<group>"; };
/* End PBXFileReference section */

/* Begin PBXFrameworksBuildPhase section */
		A376A28D19423E5600D0BCA9 /* Frameworks */ = {
			isa = PBXFrameworksBuildPhase;
			buildActionMask = 2147483647;
			files = (
			);
			runOnlyForDeploymentPostprocessing = 0;
		};
		A376A29A19423E5600D0BCA9 /* Frameworks */ = {
			isa = PBXFrameworksBuildPhase;
			buildActionMask = 2147483647;
			files = (
			);
			runOnlyForDeploymentPostprocessing = 0;
		};
/* End PBXFrameworksBuildPhase section */

/* Begin PBXGroup section */
		A376A28719423E5600D0BCA9 = {
			isa = PBXGroup;
			children = (
				A376A29219423E5600D0BCA9 /* CheckList */,
				A376A2A019423E5600D0BCA9 /* CheckListTests */,
				A376A29119423E5600D0BCA9 /* Products */,
			);
			sourceTree = "<group>";
		};
		A376A29119423E5600D0BCA9 /* Products */ = {
			isa = PBXGroup;
			children = (
				A376A29019423E5600D0BCA9 /* CheckList.app */,
				A376A29D19423E5600D0BCA9 /* CheckListTests.xctest */,
			);
			name = Products;
			sourceTree = "<group>";
		};
		A376A29219423E5600D0BCA9 /* CheckList */ = {
			isa = PBXGroup;
			children = (
				A376A29519423E5600D0BCA9 /* AppDelegate.swift */,
				A376A2AD19423ED600D0BCA9 /* CheckListViewController.swift */,
				A376A29719423E5600D0BCA9 /* Images.xcassets */,
				A376A29319423E5600D0BCA9 /* Supporting Files */,
			);
			path = CheckList;
			sourceTree = "<group>";
		};
		A376A29319423E5600D0BCA9 /* Supporting Files */ = {
			isa = PBXGroup;
			children = (
				A376A29419423E5600D0BCA9 /* Info.plist */,
			);
			name = "Supporting Files";
			sourceTree = "<group>";
		};
		A376A2A019423E5600D0BCA9 /* CheckListTests */ = {
			isa = PBXGroup;
			children = (
				A376A2A319423E5600D0BCA9 /* CheckListTests.swift */,
				A376A2A119423E5600D0BCA9 /* Supporting Files */,
			);
			path = CheckListTests;
			sourceTree = "<group>";
		};
		A376A2A119423E5600D0BCA9 /* Supporting Files */ = {
			isa = PBXGroup;
			children = (
				A376A2A219423E5600D0BCA9 /* Info.plist */,
			);
			name = "Supporting Files";
			sourceTree = "<group>";
		};
/* End PBXGroup section */

/* Begin PBXNativeTarget section */
		A376A28F19423E5600D0BCA9 /* CheckList */ = {
			isa = PBXNativeTarget;
			buildConfigurationList = A376A2A719423E5600D0BCA9 /* Build configuration list for PBXNativeTarget "CheckList" */;
			buildPhases = (
				A376A28C19423E5600D0BCA9 /* Sources */,
				A376A28D19423E5600D0BCA9 /* Frameworks */,
				A376A28E19423E5600D0BCA9 /* Resources */,
			);
			buildRules = (
			);
			dependencies = (
			);
			name = CheckList;
			productName = CheckList;
			productReference = A376A29019423E5600D0BCA9 /* CheckList.app */;
			productType = "com.apple.product-type.application";
		};
		A376A29C19423E5600D0BCA9 /* CheckListTests */ = {
			isa = PBXNativeTarget;
			buildConfigurationList = A376A2AA19423E5600D0BCA9 /* Build configuration list for PBXNativeTarget "CheckListTests" */;
			buildPhases = (
				A376A29919423E5600D0BCA9 /* Sources */,
				A376A29A19423E5600D0BCA9 /* Frameworks */,
				A376A29B19423E5600D0BCA9 /* Resources */,
			);
			buildRules = (
			);
			dependencies = (
				A376A29F19423E5600D0BCA9 /* PBXTargetDependency */,
			);
			name = CheckListTests;
			productName = CheckListTests;
			productReference = A376A29D19423E5600D0BCA9 /* CheckListTests.xctest */;
			productType = "com.apple.product-type.bundle.unit-test";
		};
/* End PBXNativeTarget section */

/* Begin PBXProject section */
		A376A28819423E5600D0BCA9 /* Project object */ = {
			isa = PBXProject;
			attributes = {
				LastSwiftUpdateCheck = 0700;
				LastUpgradeCheck = 0700;
				ORGANIZATIONNAME = "Aslan Vatsaev";
				TargetAttributes = {
					A376A28F19423E5600D0BCA9 = {
						CreatedOnToolsVersion = 6.0;
					};
					A376A29C19423E5600D0BCA9 = {
						CreatedOnToolsVersion = 6.0;
						TestTargetID = A376A28F19423E5600D0BCA9;
					};
				};
			};
			buildConfigurationList = A376A28B19423E5600D0BCA9 /* Build configuration list for PBXProject "CheckList" */;
			compatibilityVersion = "Xcode 3.2";
			developmentRegion = English;
			hasScannedForEncodings = 0;
			knownRegions = (
				en,
			);
			mainGroup = A376A28719423E5600D0BCA9;
			productRefGroup = A376A29119423E5600D0BCA9 /* Products */;
			projectDirPath = "";
			projectRoot = "";
			targets = (
				A376A28F19423E5600D0BCA9 /* CheckList */,
				A376A29C19423E5600D0BCA9 /* CheckListTests */,
			);
		};
/* End PBXProject section */

/* Begin PBXResourcesBuildPhase section */
		A376A28E19423E5600D0BCA9 /* Resources */ = {
			isa = PBXResourcesBuildPhase;
			buildActionMask = 2147483647;
			files = (
				A376A29819423E5600D0BCA9 /* Images.xcassets in Resources */,
			);
			runOnlyForDeploymentPostprocessing = 0;
		};
		A376A29B19423E5600D0BCA9 /* Resources */ = {
			isa = PBXResourcesBuildPhase;
			buildActionMask = 2147483647;
			files = (
			);
			runOnlyForDeploymentPostprocessing = 0;
		};
/* End PBXResourcesBuildPhase section */

/* Begin PBXSourcesBuildPhase section */
		A376A28C19423E5600D0BCA9 /* Sources */ = {
			isa = PBXSourcesBuildPhase;
			buildActionMask = 2147483647;
			files = (
				A376A29619423E5600D0BCA9 /* AppDelegate.swift in Sources */,
				A376A2AE19423ED600D0BCA9 /* CheckListViewController.swift in Sources */,
			);
			runOnlyForDeploymentPostprocessing = 0;
		};
		A376A29919423E5600D0BCA9 /* Sources */ = {
			isa = PBXSourcesBuildPhase;
			buildActionMask = 2147483647;
			files = (
				A376A2A419423E5600D0BCA9 /* CheckListTests.swift in Sources */,
			);
			runOnlyForDeploymentPostprocessing = 0;
		};
/* End PBXSourcesBuildPhase section */

/* Begin PBXTargetDependency section */
		A376A29F19423E5600D0BCA9 /* PBXTargetDependency */ = {
			isa = PBXTargetDependency;
			target = A376A28F19423E5600D0BCA9 /* CheckList */;
			targetProxy = A376A29E19423E5600D0BCA9 /* PBXContainerItemProxy */;
		};
/* End PBXTargetDependency section */

/* Begin XCBuildConfiguration section */
		A376A2A519423E5600D0BCA9 /* Debug */ = {
			isa = XCBuildConfiguration;
			buildSettings = {
				ALWAYS_SEARCH_USER_PATHS = NO;
				CLANG_CXX_LANGUAGE_STANDARD = "gnu++0x";
				CLANG_CXX_LIBRARY = "libc++";
				CLANG_ENABLE_MODULES = YES;
				CLANG_ENABLE_OBJC_ARC = YES;
				CLANG_WARN_BOOL_CONVERSION = YES;
				CLANG_WARN_CONSTANT_CONVERSION = YES;
				CLANG_WARN_DIRECT_OBJC_ISA_USAGE = YES_ERROR;
				CLANG_WARN_EMPTY_BODY = YES;
				CLANG_WARN_ENUM_CONVERSION = YES;
				CLANG_WARN_INT_CONVERSION = YES;
				CLANG_WARN_OBJC_ROOT_CLASS = YES_ERROR;
				CLANG_WARN_UNREACHABLE_CODE = YES;
				CLANG_WARN__DUPLICATE_METHOD_MATCH = YES;
				"CODE_SIGN_IDENTITY[sdk=iphoneos*]" = "iPhone Developer";
				COPY_PHASE_STRIP = NO;
				ENABLE_STRICT_OBJC_MSGSEND = YES;
				ENABLE_TESTABILITY = YES;
				GCC_C_LANGUAGE_STANDARD = gnu99;
				GCC_DYNAMIC_NO_PIC = NO;
				GCC_OPTIMIZATION_LEVEL = 0;
				GCC_PREPROCESSOR_DEFINITIONS = (
					"DEBUG=1",
					"$(inherited)",
				);
				GCC_SYMBOLS_PRIVATE_EXTERN = NO;
				GCC_WARN_64_TO_32_BIT_CONVERSION = YES;
				GCC_WARN_ABOUT_RETURN_TYPE = YES_ERROR;
				GCC_WARN_UNDECLARED_SELECTOR = YES;
				GCC_WARN_UNINITIALIZED_AUTOS = YES_AGGRESSIVE;
				GCC_WARN_UNUSED_FUNCTION = YES;
				GCC_WARN_UNUSED_VARIABLE = YES;
				IPHONEOS_DEPLOYMENT_TARGET = 9.0;
				METAL_ENABLE_DEBUG_INFO = YES;
				ONLY_ACTIVE_ARCH = YES;
				SDKROOT = iphoneos;
				SWIFT_OPTIMIZATION_LEVEL = "-Onone";
			};
			name = Debug;
		};
		A376A2A619423E5600D0BCA9 /* Release */ = {
			isa = XCBuildConfiguration;
			buildSettings = {
				ALWAYS_SEARCH_USER_PATHS = NO;
				CLANG_CXX_LANGUAGE_STANDARD = "gnu++0x";
				CLANG_CXX_LIBRARY = "libc++";
				CLANG_ENABLE_MODULES = YES;
				CLANG_ENABLE_OBJC_ARC = YES;
				CLANG_WARN_BOOL_CONVERSION = YES;
				CLANG_WARN_CONSTANT_CONVERSION = YES;
				CLANG_WARN_DIRECT_OBJC_ISA_USAGE = YES_ERROR;
				CLANG_WARN_EMPTY_BODY = YES;
				CLANG_WARN_ENUM_CONVERSION = YES;
				CLANG_WARN_INT_CONVERSION = YES;
				CLANG_WARN_OBJC_ROOT_CLASS = YES_ERROR;
				CLANG_WARN_UNREACHABLE_CODE = YES;
				CLANG_WARN__DUPLICATE_METHOD_MATCH = YES;
				"CODE_SIGN_IDENTITY[sdk=iphoneos*]" = "iPhone Developer";
				COPY_PHASE_STRIP = YES;
				ENABLE_NS_ASSERTIONS = NO;
				ENABLE_STRICT_OBJC_MSGSEND = YES;
				GCC_C_LANGUAGE_STANDARD = gnu99;
				GCC_WARN_64_TO_32_BIT_CONVERSION = YES;
				GCC_WARN_ABOUT_RETURN_TYPE = YES_ERROR;
				GCC_WARN_UNDECLARED_SELECTOR = YES;
				GCC_WARN_UNINITIALIZED_AUTOS = YES_AGGRESSIVE;
				GCC_WARN_UNUSED_FUNCTION = YES;
				GCC_WARN_UNUSED_VARIABLE = YES;
				IPHONEOS_DEPLOYMENT_TARGET = 9.0;
				METAL_ENABLE_DEBUG_INFO = NO;
				SDKROOT = iphoneos;
				VALIDATE_PRODUCT = YES;
			};
			name = Release;
		};
		A376A2A819423E5600D0BCA9 /* Debug */ = {
			isa = XCBuildConfiguration;
			buildSettings = {
				ASSETCATALOG_COMPILER_APPICON_NAME = AppIcon;
				ASSETCATALOG_COMPILER_LAUNCHIMAGE_NAME = LaunchImage;
				INFOPLIST_FILE = CheckList/Info.plist;
				LD_RUNPATH_SEARCH_PATHS = "$(inherited) @executable_path/Frameworks";
				PRODUCT_BUNDLE_IDENTIFIER = "com.avatsaev.${PRODUCT_NAME:rfc1034identifier}";
				PRODUCT_NAME = "$(TARGET_NAME)";
			};
			name = Debug;
		};
		A376A2A919423E5600D0BCA9 /* Release */ = {
			isa = XCBuildConfiguration;
			buildSettings = {
				ASSETCATALOG_COMPILER_APPICON_NAME = AppIcon;
				ASSETCATALOG_COMPILER_LAUNCHIMAGE_NAME = LaunchImage;
				INFOPLIST_FILE = CheckList/Info.plist;
				LD_RUNPATH_SEARCH_PATHS = "$(inherited) @executable_path/Frameworks";
				PRODUCT_BUNDLE_IDENTIFIER = "com.avatsaev.${PRODUCT_NAME:rfc1034identifier}";
				PRODUCT_NAME = "$(TARGET_NAME)";
			};
			name = Release;
		};
		A376A2AB19423E5600D0BCA9 /* Debug */ = {
			isa = XCBuildConfiguration;
			buildSettings = {
				BUNDLE_LOADER = "$(BUILT_PRODUCTS_DIR)/CheckList.app/CheckList";
				FRAMEWORK_SEARCH_PATHS = (
					"$(SDKROOT)/Developer/Library/Frameworks",
					"$(inherited)",
				);
				GCC_PREPROCESSOR_DEFINITIONS = (
					"DEBUG=1",
					"$(inherited)",
				);
				INFOPLIST_FILE = CheckListTests/Info.plist;
				LD_RUNPATH_SEARCH_PATHS = "$(inherited) @executable_path/Frameworks @loader_path/Frameworks";
				METAL_ENABLE_DEBUG_INFO = YES;
				PRODUCT_BUNDLE_IDENTIFIER = "com.avatsaev.${PRODUCT_NAME:rfc1034identifier}";
				PRODUCT_NAME = "$(TARGET_NAME)";
				TEST_HOST = "$(BUNDLE_LOADER)";
			};
			name = Debug;
		};
		A376A2AC19423E5600D0BCA9 /* Release */ = {
			isa = XCBuildConfiguration;
			buildSettings = {
				BUNDLE_LOADER = "$(BUILT_PRODUCTS_DIR)/CheckList.app/CheckList";
				FRAMEWORK_SEARCH_PATHS = (
					"$(SDKROOT)/Developer/Library/Frameworks",
					"$(inherited)",
				);
				INFOPLIST_FILE = CheckListTests/Info.plist;
				LD_RUNPATH_SEARCH_PATHS = "$(inherited) @executable_path/Frameworks @loader_path/Frameworks";
				METAL_ENABLE_DEBUG_INFO = NO;
				PRODUCT_BUNDLE_IDENTIFIER = "com.avatsaev.${PRODUCT_NAME:rfc1034identifier}";
				PRODUCT_NAME = "$(TARGET_NAME)";
				TEST_HOST = "$(BUNDLE_LOADER)";
			};
			name = Release;
		};
/* End XCBuildConfiguration section */

/* Begin XCConfigurationList section */
		A376A28B19423E5600D0BCA9 /* Build configuration list for PBXProject "CheckList" */ = {
			isa = XCConfigurationList;
			buildConfigurations = (
				A376A2A519423E5600D0BCA9 /* Debug */,
				A376A2A619423E5600D0BCA9 /* Release */,
			);
			defaultConfigurationIsVisible = 0;
			defaultConfigurationName = Release;
		};
		A376A2A719423E5600D0BCA9 /* Build configuration list for PBXNativeTarget "CheckList" */ = {
			isa = XCConfigurationList;
			buildConfigurations = (
				A376A2A819423E5600D0BCA9 /* Debug */,
				A376A2A919423E5600D0BCA9 /* Release */,
			);
			defaultConfigurationIsVisible = 0;
			defaultConfigurationName = Release;
		};
		A376A2AA19423E5600D0BCA9 /* Build configuration list for PBXNativeTarget "CheckListTests" */ = {
			isa = XCConfigurationList;
			buildConfigurations = (
				A376A2AB19423E5600D0BCA9 /* Debug */,
				A376A2AC19423E5600D0BCA9 /* Release */,
			);
			defaultConfigurationIsVisible = 0;
			defaultConfigurationName = Release;
		};
/* End XCConfigurationList section */
	};
	rootObject = A376A28819423E5600D0BCA9 /* Project object */;
}
